
Microsoft Visual Studio Solution File, Format Version 12.00
# Visual Studio Version 17
VisualStudioVersion = 17.6.33815.320
MinimumVisualStudioVersion = 10.0.40219.1
Project("{FAE04EC0-301F-11D3-BF4B-00C04F79EFBC}") = "CRM.Domain", "CRM.Domain\CRM.Domain.csproj", "{24E74DEB-DACA-4C90-BC15-4E4341934975}"
EndProject
Project("{2150E333-8FDC-42A3-9474-1A3956D46DE8}") = "src", "src", "{D234CE91-66B3-4F2E-BE96-175BEF29E057}"
EndProject
Project("{2150E333-8FDC-42A3-9474-1A3956D46DE8}") = "core", "core", "{B04221CB-6EF8-4F7D-AB16-FFE8E3197260}"
EndProject
Project("{2150E333-8FDC-42A3-9474-1A3956D46DE8}") = "external", "external", "{15E8A47D-FE39-47F3-807C-7495A3ED7BD1}"
EndProject
Project("{FAE04EC0-301F-11D3-BF4B-00C04F79EFBC}") = "CRM.Application", "CRM.Application\CRM.Application.csproj", "{5F34995B-DC0E-46A8-8BEF-8B332AF3CC83}"
EndProject
Project("{FAE04EC0-301F-11D3-BF4B-00C04F79EFBC}") = "CRM.Infrastructure", "CRM.Infrastructure\CRM.Infrastructure.csproj", "{0A2DD682-84A7-42D1-8900-12628A7D58F0}"
EndProject
Project("{FAE04EC0-301F-11D3-BF4B-00C04F79EFBC}") = "CRM.Presistence", "CRM.Presistence\CRM.Presistence.csproj", "{39F5C0BB-8DC9-4A3B-9705-18970E70EEC7}"
EndProject
Project("{FAE04EC0-301F-11D3-BF4B-00C04F79EFBC}") = "CRM.WebApi", "CRM.WebApi\CRM.WebApi.csproj", "{C17F003E-F877-4DAA-A3AB-29CC2123B135}"
EndProject
Global
	GlobalSection(SolutionConfigurationPlatforms) = preSolution
		Debug|Any CPU = Debug|Any CPU
		Release|Any CPU = Release|Any CPU
	EndGlobalSection
	GlobalSection(ProjectConfigurationPlatforms) = postSolution
		{24E74DEB-DACA-4C90-BC15-4E4341934975}.Debug|Any CPU.ActiveCfg = Debug|Any CPU
		{24E74DEB-DACA-4C90-BC15-4E4341934975}.Debug|Any CPU.Build.0 = Debug|Any CPU
		{24E74DEB-DACA-4C90-BC15-4E4341934975}.Release|Any CPU.ActiveCfg = Release|Any CPU
		{24E74DEB-DACA-4C90-BC15-4E4341934975}.Release|Any CPU.Build.0 = Release|Any CPU
		{5F34995B-DC0E-46A8-8BEF-8B332AF3CC83}.Debug|Any CPU.ActiveCfg = Debug|Any CPU
		{5F34995B-DC0E-46A8-8BEF-8B332AF3CC83}.Debug|Any CPU.Build.0 = Debug|Any CPU
		{5F34995B-DC0E-46A8-8BEF-8B332AF3CC83}.Release|Any CPU.ActiveCfg = Release|Any CPU
		{5F34995B-DC0E-46A8-8BEF-8B332AF3CC83}.Release|Any CPU.Build.0 = Release|Any CPU
		{0A2DD682-84A7-42D1-8900-12628A7D58F0}.Debug|Any CPU.ActiveCfg = Debug|Any CPU
		{0A2DD682-84A7-42D1-8900-12628A7D58F0}.Debug|Any CPU.Build.0 = Debug|Any CPU
		{0A2DD682-84A7-42D1-8900-12628A7D58F0}.Release|Any CPU.ActiveCfg = Release|Any CPU
		{0A2DD682-84A7-42D1-8900-12628A7D58F0}.Release|Any CPU.Build.0 = Release|Any CPU
		{39F5C0BB-8DC9-4A3B-9705-18970E70EEC7}.Debug|Any CPU.ActiveCfg = Debug|Any CPU
		{39F5C0BB-8DC9-4A3B-9705-18970E70EEC7}.Debug|Any CPU.Build.0 = Debug|Any CPU
		{39F5C0BB-8DC9-4A3B-9705-18970E70EEC7}.Release|Any CPU.ActiveCfg = Release|Any CPU
		{39F5C0BB-8DC9-4A3B-9705-18970E70EEC7}.Release|Any CPU.Build.0 = Release|Any CPU
		{C17F003E-F877-4DAA-A3AB-29CC2123B135}.Debug|Any CPU.ActiveCfg = Debug|Any CPU
		{C17F003E-F877-4DAA-A3AB-29CC2123B135}.Debug|Any CPU.Build.0 = Debug|Any CPU
		{C17F003E-F877-4DAA-A3AB-29CC2123B135}.Release|Any CPU.ActiveCfg = Release|Any CPU
		{C17F003E-F877-4DAA-A3AB-29CC2123B135}.Release|Any CPU.Build.0 = Release|Any CPU
	EndGlobalSection
	GlobalSection(SolutionProperties) = preSolution
		HideSolutionNode = FALSE
	EndGlobalSection
	GlobalSection(NestedProjects) = preSolution
		{24E74DEB-DACA-4C90-BC15-4E4341934975} = {B04221CB-6EF8-4F7D-AB16-FFE8E3197260}
		{B04221CB-6EF8-4F7D-AB16-FFE8E3197260} = {D234CE91-66B3-4F2E-BE96-175BEF29E057}
		{15E8A47D-FE39-47F3-807C-7495A3ED7BD1} = {D234CE91-66B3-4F2E-BE96-175BEF29E057}
		{5F34995B-DC0E-46A8-8BEF-8B332AF3CC83} = {B04221CB-6EF8-4F7D-AB16-FFE8E3197260}
		{0A2DD682-84A7-42D1-8900-12628A7D58F0} = {15E8A47D-FE39-47F3-807C-7495A3ED7BD1}
		{39F5C0BB-8DC9-4A3B-9705-18970E70EEC7} = {15E8A47D-FE39-47F3-807C-7495A3ED7BD1}
		{C17F003E-F877-4DAA-A3AB-29CC2123B135} = {15E8A47D-FE39-47F3-807C-7495A3ED7BD1}
	EndGlobalSection
	GlobalSection(ExtensibilityGlobals) = postSolution
		SolutionGuid = {AEC2A1FC-92BA-45F1-853A-D1DB56A460DE}
	EndGlobalSection
EndGlobal
